
Microsoft Visual Studio Solution File, Format Version 12.00
# Visual Studio 15
VisualStudioVersion = 15.0.28010.2003
MinimumVisualStudioVersion = 10.0.40219.1
Project("{FAE04EC0-301F-11D3-BF4B-00C04F79EFBC}") = "SLOBSharp", "SLOBSharp\SLOBSharp.csproj", "{C0E9BBBE-659B-4D26-A31B-A2C1ACD58311}"
EndProject
Global
	GlobalSection(SolutionConfigurationPlatforms) = preSolution
		Debug|Any CPU = Debug|Any CPU
		Release|Any CPU = Release|Any CPU
	EndGlobalSection
	GlobalSection(ProjectConfigurationPlatforms) = postSolution
		{C0E9BBBE-659B-4D26-A31B-A2C1ACD58311}.Debug|Any CPU.ActiveCfg = Debug|Any CPU
		{C0E9BBBE-659B-4D26-A31B-A2C1ACD58311}.Debug|Any CPU.Build.0 = Debug|Any CPU
		{C0E9BBBE-659B-4D26-A31B-A2C1ACD58311}.Release|Any CPU.ActiveCfg = Release|Any CPU
		{C0E9BBBE-659B-4D26-A31B-A2C1ACD58311}.Release|Any CPU.Build.0 = Release|Any CPU
	EndGlobalSection
	GlobalSection(SolutionProperties) = preSolution
		HideSolutionNode = FALSE
	EndGlobalSection
	GlobalSection(ExtensibilityGlobals) = postSolution
		SolutionGuid = {CFF9B428-8A26-4588-96C8-67BA1E087808}
	EndGlobalSection
EndGlobal
